
Microsoft Visual Studio Solution File, Format Version 12.00
# Visual Studio Version 16
VisualStudioVersion = 16.0.31410.357
MinimumVisualStudioVersion = 10.0.40219.1
Project("{FAE04EC0-301F-11D3-BF4B-00C04F79EFBC}") = "AlgorithmPrograms", "AlgorithmPrograms\AlgorithmPrograms.csproj", "{9E515864-AD9C-453D-B390-B629CB2BD203}"
EndProject
Global
	GlobalSection(SolutionConfigurationPlatforms) = preSolution
		Debug|Any CPU = Debug|Any CPU
		Release|Any CPU = Release|Any CPU
	EndGlobalSection
	GlobalSection(ProjectConfigurationPlatforms) = postSolution
		{9E515864-AD9C-453D-B390-B629CB2BD203}.Debug|Any CPU.ActiveCfg = Debug|Any CPU
		{9E515864-AD9C-453D-B390-B629CB2BD203}.Debug|Any CPU.Build.0 = Debug|Any CPU
		{9E515864-AD9C-453D-B390-B629CB2BD203}.Release|Any CPU.ActiveCfg = Release|Any CPU
		{9E515864-AD9C-453D-B390-B629CB2BD203}.Release|Any CPU.Build.0 = Release|Any CPU
	EndGlobalSection
	GlobalSection(SolutionProperties) = preSolution
		HideSolutionNode = FALSE
	EndGlobalSection
	GlobalSection(ExtensibilityGlobals) = postSolution
		SolutionGuid = {6EA49B55-9176-4D98-A7E3-8866E7841380}
	EndGlobalSection
EndGlobal
